// !$*UTF8*$!
{
	archiveVersion = 1;
	classes = {
	};
	objectVersion = 46;
	objects = {

/* Begin PBXBuildFile section */
		188F53AF1C632A880056271B /* main.m in Sources */ = {isa = PBXBuildFile; fileRef = 188F53AE1C632A880056271B /* main.m */; };
		188F53B21C632A880056271B /* AppDelegate.m in Sources */ = {isa = PBXBuildFile; fileRef = 188F53B11C632A880056271B /* AppDelegate.m */; };
		188F53B51C632A880056271B /* ViewController.m in Sources */ = {isa = PBXBuildFile; fileRef = 188F53B41C632A880056271B /* ViewController.m */; };
		188F53B81C632A880056271B /* Main.storyboard in Resources */ = {isa = PBXBuildFile; fileRef = 188F53B61C632A880056271B /* Main.storyboard */; };
		188F53BA1C632A880056271B /* Images.xcassets in Resources */ = {isa = PBXBuildFile; fileRef = 188F53B91C632A880056271B /* Images.xcassets */; };
		188F53BD1C632A880056271B /* LaunchScreen.xib in Resources */ = {isa = PBXBuildFile; fileRef = 188F53BB1C632A880056271B /* LaunchScreen.xib */; };
		188F53C91C632A880056271B /* TableViewCell_Delete_InsertTests.m in Sources */ = {isa = PBXBuildFile; fileRef = 188F53C81C632A880056271B /* TableViewCell_Delete_InsertTests.m */; };
/* End PBXBuildFile section */

/* Begin PBXContainerItemProxy section */
		188F53C31C632A880056271B /* PBXContainerItemProxy */ = {
			isa = PBXContainerItemProxy;
			containerPortal = 188F53A11C632A870056271B /* Project object */;
			proxyType = 1;
			remoteGlobalIDString = 188F53A81C632A880056271B;
			remoteInfo = "TableViewCell Delete Insert";
		};
/* End PBXContainerItemProxy section */

/* Begin PBXFileReference section */
		188F53A91C632A880056271B /* TableViewCell Delete Insert.app */ = {isa = PBXFileReference; explicitFileType = wrapper.application; includeInIndex = 0; path = "TableViewCell Delete Insert.app"; sourceTree = BUILT_PRODUCTS_DIR; };
		188F53AD1C632A880056271B /* Info.plist */ = {isa = PBXFileReference; lastKnownFileType = text.plist.xml; path = Info.plist; sourceTree = "<group>"; };
		188F53AE1C632A880056271B /* main.m */ = {isa = PBXFileReference; lastKnownFileType = sourcecode.c.objc; path = main.m; sourceTree = "<group>"; };
		188F53B01C632A880056271B /* AppDelegate.h */ = {isa = PBXFileReference; lastKnownFileType = sourcecode.c.h; path = AppDelegate.h; sourceTree = "<group>"; };
		188F53B11C632A880056271B /* AppDelegate.m */ = {isa = PBXFileReference; lastKnownFileType = sourcecode.c.objc; path = AppDelegate.m; sourceTree = "<group>"; };
		188F53B31C632A880056271B /* ViewController.h */ = {isa = PBXFileReference; lastKnownFileType = sourcecode.c.h; path = ViewController.h; sourceTree = "<group>"; };
		188F53B41C632A880056271B /* ViewController.m */ = {isa = PBXFileReference; lastKnownFileType = sourcecode.c.objc; path = ViewController.m; sourceTree = "<group>"; };
		188F53B71C632A880056271B /* Base */ = {isa = PBXFileReference; lastKnownFileType = file.storyboard; name = Base; path = Base.lproj/Main.storyboard; sourceTree = "<group>"; };
		188F53B91C632A880056271B /* Images.xcassets */ = {isa = PBXFileReference; lastKnownFileType = folder.assetcatalog; path = Images.xcassets; sourceTree = "<group>"; };
		188F53BC1C632A880056271B /* Base */ = {isa = PBXFileReference; lastKnownFileType = file.xib; name = Base; path = Base.lproj/LaunchScreen.xib; sourceTree = "<group>"; };
		188F53C21C632A880056271B /* TableViewCell Delete InsertTests.xctest */ = {isa = PBXFileReference; explicitFileType = wrapper.cfbundle; includeInIndex = 0; path = "TableViewCell Delete InsertTests.xctest"; sourceTree = BUILT_PRODUCTS_DIR; };
		188F53C71C632A880056271B /* Info.plist */ = {isa = PBXFileReference; lastKnownFileType = text.plist.xml; path = Info.plist; sourceTree = "<group>"; };
		188F53C81C632A880056271B /* TableViewCell_Delete_InsertTests.m */ = {isa = PBXFileReference; lastKnownFileType = sourcecode.c.objc; path = TableViewCell_Delete_InsertTests.m; sourceTree = "<group>"; };
/* End PBXFileReference section */

/* Begin PBXFrameworksBuildPhase section */
		188F53A61C632A880056271B /* Frameworks */ = {
			isa = PBXFrameworksBuildPhase;
			buildActionMask = 2147483647;
			files = (
			);
			runOnlyForDeploymentPostprocessing = 0;
		};
		188F53BF1C632A880056271B /* Frameworks */ = {
			isa = PBXFrameworksBuildPhase;
			buildActionMask = 2147483647;
			files = (
			);
			runOnlyForDeploymentPostprocessing = 0;
		};
/* End PBXFrameworksBuildPhase section */

/* Begin PBXGroup section */
		188F53A01C632A870056271B = {
			isa = PBXGroup;
			children = (
				188F53AB1C632A880056271B /* TableViewCell Delete Insert */,
				188F53C51C632A880056271B /* TableViewCell Delete InsertTests */,
				188F53AA1C632A880056271B /* Products */,
			);
			sourceTree = "<group>";
		};
		188F53AA1C632A880056271B /* Products */ = {
			isa = PBXGroup;
			children = (
				188F53A91C632A880056271B /* TableViewCell Delete Insert.app */,
				188F53C21C632A880056271B /* TableViewCell Delete InsertTests.xctest */,
			);
			name = Products;
			sourceTree = "<group>";
		};
		188F53AB1C632A880056271B /* TableViewCell Delete Insert */ = {
			isa = PBXGroup;
			children = (
				188F53B01C632A880056271B /* AppDelegate.h */,
				188F53B11C632A880056271B /* AppDelegate.m */,
				188F53B31C632A880056271B /* ViewController.h */,
				188F53B41C632A880056271B /* ViewController.m */,
				188F53B61C632A880056271B /* Main.storyboard */,
				188F53B91C632A880056271B /* Images.xcassets */,
				188F53BB1C632A880056271B /* LaunchScreen.xib */,
				188F53AC1C632A880056271B /* Supporting Files */,
			);
			path = "TableViewCell Delete Insert";
			sourceTree = "<group>";
		};
		188F53AC1C632A880056271B /* Supporting Files */ = {
			isa = PBXGroup;
			children = (
				188F53AD1C632A880056271B /* Info.plist */,
				188F53AE1C632A880056271B /* main.m */,
			);
			name = "Supporting Files";
			sourceTree = "<group>";
		};
		188F53C51C632A880056271B /* TableViewCell Delete InsertTests */ = {
			isa = PBXGroup;
			children = (
				188F53C81C632A880056271B /* TableViewCell_Delete_InsertTests.m */,
				188F53C61C632A880056271B /* Supporting Files */,
			);
			path = "TableViewCell Delete InsertTests";
			sourceTree = "<group>";
		};
		188F53C61C632A880056271B /* Supporting Files */ = {
			isa = PBXGroup;
			children = (
				188F53C71C632A880056271B /* Info.plist */,
			);
			name = "Supporting Files";
			sourceTree = "<group>";
		};
/* End PBXGroup section */

/* Begin PBXNativeTarget section */
		188F53A81C632A880056271B /* TableViewCell Delete Insert */ = {
			isa = PBXNativeTarget;
			buildConfigurationList = 188F53CC1C632A880056271B /* Build configuration list for PBXNativeTarget "TableViewCell Delete Insert" */;
			buildPhases = (
				188F53A51C632A880056271B /* Sources */,
				188F53A61C632A880056271B /* Frameworks */,
				188F53A71C632A880056271B /* Resources */,
			);
			buildRules = (
			);
			dependencies = (
			);
			name = "TableViewCell Delete Insert";
			productName = "TableViewCell Delete Insert";
			productReference = 188F53A91C632A880056271B /* TableViewCell Delete Insert.app */;
			productType = "com.apple.product-type.application";
		};
		188F53C11C632A880056271B /* TableViewCell Delete InsertTests */ = {
			isa = PBXNativeTarget;
			buildConfigurationList = 188F53CF1C632A880056271B /* Build configuration list for PBXNativeTarget "TableViewCell Delete InsertTests" */;
			buildPhases = (
				188F53BE1C632A880056271B /* Sources */,
				188F53BF1C632A880056271B /* Frameworks */,
				188F53C01C632A880056271B /* Resources */,
			);
			buildRules = (
			);
			dependencies = (
				188F53C41C632A880056271B /* PBXTargetDependency */,
			);
			name = "TableViewCell Delete InsertTests";
			productName = "TableViewCell Delete InsertTests";
			productReference = 188F53C21C632A880056271B /* TableViewCell Delete InsertTests.xctest */;
			productType = "com.apple.product-type.bundle.unit-test";
		};
/* End PBXNativeTarget section */

/* Begin PBXProject section */
		188F53A11C632A870056271B /* Project object */ = {
			isa = PBXProject;
			attributes = {
				LastUpgradeCheck = 0630;
				ORGANIZATIONNAME = zf;
				TargetAttributes = {
					188F53A81C632A880056271B = {
						CreatedOnToolsVersion = 6.3.1;
					};
					188F53C11C632A880056271B = {
						CreatedOnToolsVersion = 6.3.1;
						TestTargetID = 188F53A81C632A880056271B;
					};
				};
			};
			buildConfigurationList = 188F53A41C632A880056271B /* Build configuration list for PBXProject "TableViewCell Delete Insert" */;
			compatibilityVersion = "Xcode 3.2";
			developmentRegion = English;
			hasScannedForEncodings = 0;
			knownRegions = (
				en,
				Base,
			);
			mainGroup = 188F53A01C632A870056271B;
			productRefGroup = 188F53AA1C632A880056271B /* Products */;
			projectDirPath = "";
			projectRoot = "";
			targets = (
				188F53A81C632A880056271B /* TableViewCell Delete Insert */,
				188F53C11C632A880056271B /* TableViewCell Delete InsertTests */,
			);
		};
/* End PBXProject section */

/* Begin PBXResourcesBuildPhase section */
		188F53A71C632A880056271B /* Resources */ = {
			isa = PBXResourcesBuildPhase;
			buildActionMask = 2147483647;
			files = (
				188F53B81C632A880056271B /* Main.storyboard in Resources */,
				188F53BD1C632A880056271B /* LaunchScreen.xib in Resources */,
				188F53BA1C632A880056271B /* Images.xcassets in Resources */,
			);
			runOnlyForDeploymentPostprocessing = 0;
		};
		188F53C01C632A880056271B /* Resources */ = {
			isa = PBXResourcesBuildPhase;
			buildActionMask = 2147483647;
			files = (
			);
			runOnlyForDeploymentPostprocessing = 0;
		};
/* End PBXResourcesBuildPhase section */

/* Begin PBXSourcesBuildPhase section */
		188F53A51C632A880056271B /* Sources */ = {
			isa = PBXSourcesBuildPhase;
			buildActionMask = 2147483647;
			files = (
				188F53B51C632A880056271B /* ViewController.m in Sources */,
				188F53B21C632A880056271B /* AppDelegate.m in Sources */,
				188F53AF1C632A880056271B /* main.m in Sources */,
			);
			runOnlyForDeploymentPostprocessing = 0;
		};
		188F53BE1C632A880056271B /* Sources */ = {
			isa = PBXSourcesBuildPhase;
			buildActionMask = 2147483647;
			files = (
				188F53C91C632A880056271B /* TableViewCell_Delete_InsertTests.m in Sources */,
			);
			runOnlyForDeploymentPostprocessing = 0;
		};
/* End PBXSourcesBuildPhase section */

/* Begin PBXTargetDependency section */
		188F53C41C632A880056271B /* PBXTargetDependency */ = {
			isa = PBXTargetDependency;
			target = 188F53A81C632A880056271B /* TableViewCell Delete Insert */;
			targetProxy = 188F53C31C632A880056271B /* PBXContainerItemProxy */;
		};
/* End PBXTargetDependency section */

/* Begin PBXVariantGroup section */
		188F53B61C632A880056271B /* Main.storyboard */ = {
			isa = PBXVariantGroup;
			children = (
				188F53B71C632A880056271B /* Base */,
			);
			name = Main.storyboard;
			sourceTree = "<group>";
		};
		188F53BB1C632A880056271B /* LaunchScreen.xib */ = {
			isa = PBXVariantGroup;
			children = (
				188F53BC1C632A880056271B /* Base */,
			);
			name = LaunchScreen.xib;
			sourceTree = "<group>";
		};
/* End PBXVariantGroup section */

/* Begin XCBuildConfiguration section */
		188F53CA1C632A880056271B /* Debug */ = {
			isa = XCBuildConfiguration;
			buildSettings = {
				ALWAYS_SEARCH_USER_PATHS = NO;
				CLANG_CXX_LANGUAGE_STANDARD = "gnu++0x";
				CLANG_CXX_LIBRARY = "libc++";
				CLANG_ENABLE_MODULES = YES;
				CLANG_ENABLE_OBJC_ARC = YES;
				CLANG_WARN_BOOL_CONVERSION = YES;
				CLANG_WARN_CONSTANT_CONVERSION = YES;
				CLANG_WARN_DIRECT_OBJC_ISA_USAGE = YES_ERROR;
				CLANG_WARN_EMPTY_BODY = YES;
				CLANG_WARN_ENUM_CONVERSION = YES;
				CLANG_WARN_INT_CONVERSION = YES;
				CLANG_WARN_OBJC_ROOT_CLASS = YES_ERROR;
				CLANG_WARN_UNREACHABLE_CODE = YES;
				CLANG_WARN__DUPLICATE_METHOD_MATCH = YES;
				"CODE_SIGN_IDENTITY[sdk=iphoneos*]" = "iPhone Developer";
				COPY_PHASE_STRIP = NO;
				DEBUG_INFORMATION_FORMAT = "dwarf-with-dsym";
				ENABLE_STRICT_OBJC_MSGSEND = YES;
				GCC_C_LANGUAGE_STANDARD = gnu99;
				GCC_DYNAMIC_NO_PIC = NO;
				GCC_NO_COMMON_BLOCKS = YES;
				GCC_OPTIMIZATION_LEVEL = 0;
				GCC_PREPROCESSOR_DEFINITIONS = (
					"DEBUG=1",
					"$(inherited)",
				);
				GCC_SYMBOLS_PRIVATE_EXTERN = NO;
				GCC_WARN_64_TO_32_BIT_CONVERSION = YES;
				GCC_WARN_ABOUT_RETURN_TYPE = YES_ERROR;
				GCC_WARN_UNDECLARED_SELECTOR = YES;
				GCC_WARN_UNINITIALIZED_AUTOS = YES_AGGRESSIVE;
				GCC_WARN_UNUSED_FUNCTION = YES;
				GCC_WARN_UNUSED_VARIABLE = YES;
				IPHONEOS_DEPLOYMENT_TARGET = 8.3;
				MTL_ENABLE_DEBUG_INFO = YES;
				ONLY_ACTIVE_ARCH = YES;
				SDKROOT = iphoneos;
				TARGETED_DEVICE_FAMILY = "1,2";
			};
			name = Debug;
		};
		188F53CB1C632A880056271B /* Release */ = {
			isa = XCBuildConfiguration;
			buildSettings = {
				ALWAYS_SEARCH_USER_PATHS = NO;
				CLANG_CXX_LANGUAGE_STANDARD = "gnu++0x";
				CLANG_CXX_LIBRARY = "libc++";
				CLANG_ENABLE_MODULES = YES;
				CLANG_ENABLE_OBJC_ARC = YES;
				CLANG_WARN_BOOL_CONVERSION = YES;
				CLANG_WARN_CONSTANT_CONVERSION = YES;
				CLANG_WARN_DIRECT_OBJC_ISA_USAGE = YES_ERROR;
				CLANG_WARN_EMPTY_BODY = YES;
				CLANG_WARN_ENUM_CONVERSION = YES;
				CLANG_WARN_INT_CONVERSION = YES;
				CLANG_WARN_OBJC_ROOT_CLASS = YES_ERROR;
				CLANG_WARN_UNREACHABLE_CODE = YES;
				CLANG_WARN__DUPLICATE_METHOD_MATCH = YES;
				"CODE_SIGN_IDENTITY[sdk=iphoneos*]" = "iPhone Developer";
				COPY_PHASE_STRIP = NO;
				DEBUG_INFORMATION_FORMAT = "dwarf-with-dsym";
				ENABLE_NS_ASSERTIONS = NO;
				ENABLE_STRICT_OBJC_MSGSEND = YES;
				GCC_C_LANGUAGE_STANDARD = gnu99;
				GCC_NO_COMMON_BLOCKS = YES;
				GCC_WARN_64_TO_32_BIT_CONVERSION = YES;
				GCC_WARN_ABOUT_RETURN_TYPE = YES_ERROR;
				GCC_WARN_UNDECLARED_SELECTOR = YES;
				GCC_WARN_UNINITIALIZED_AUTOS = YES_AGGRESSIVE;
				GCC_WARN_UNUSED_FUNCTION = YES;
				GCC_WARN_UNUSED_VARIABLE = YES;
				IPHONEOS_DEPLOYMENT_TARGET = 8.3;
				MTL_ENABLE_DEBUG_INFO = NO;
				SDKROOT = iphoneos;
				TARGETED_DEVICE_FAMILY = "1,2";
				VALIDATE_PRODUCT = YES;
			};
			name = Release;
		};
		188F53CD1C632A880056271B /* Debug */ = {
			isa = XCBuildConfiguration;
			buildSettings = {
				ASSETCATALOG_COMPILER_APPICON_NAME = AppIcon;
				INFOPLIST_FILE = "TableViewCell Delete Insert/Info.plist";
				LD_RUNPATH_SEARCH_PATHS = "$(inherited) @executable_path/Frameworks";
				PRODUCT_NAME = "$(TARGET_NAME)";
			};
			name = Debug;
		};
		188F53CE1C632A880056271B /* Release */ = {
			isa = XCBuildConfiguration;
			buildSettings = {
				ASSETCATALOG_COMPILER_APPICON_NAME = AppIcon;
				INFOPLIST_FILE = "TableViewCell Delete Insert/Info.plist";
				LD_RUNPATH_SEARCH_PATHS = "$(inherited) @executable_path/Frameworks";
				PRODUCT_NAME = "$(TARGET_NAME)";
			};
			name = Release;
		};
		188F53D01C632A880056271B /* Debug */ = {
			isa = XCBuildConfiguration;
			buildSettings = {
				BUNDLE_LOADER = "$(TEST_HOST)";
				FRAMEWORK_SEARCH_PATHS = (
					"$(SDKROOT)/Developer/Library/Frameworks",
					"$(inherited)",
				);
				GCC_PREPROCESSOR_DEFINITIONS = (
					"DEBUG=1",
					"$(inherited)",
				);
				INFOPLIST_FILE = "TableViewCell Delete InsertTests/Info.plist";
				LD_RUNPATH_SEARCH_PATHS = "$(inherited) @executable_path/Frameworks @loader_path/Frameworks";
				PRODUCT_NAME = "$(TARGET_NAME)";
				TEST_HOST = "$(BUILT_PRODUCTS_DIR)/TableViewCell Delete Insert.app/TableViewCell Delete Insert";
			};
			name = Debug;
		};
		188F53D11C632A880056271B /* Release */ = {
			isa = XCBuildConfiguration;
			buildSettings = {
				BUNDLE_LOADER = "$(TEST_HOST)";
				FRAMEWORK_SEARCH_PATHS = (
					"$(SDKROOT)/Developer/Library/Frameworks",
					"$(inherited)",
				);
				INFOPLIST_FILE = "TableViewCell Delete InsertTests/Info.plist";
				LD_RUNPATH_SEARCH_PATHS = "$(inherited) @executable_path/Frameworks @loader_path/Frameworks";
				PRODUCT_NAME = "$(TARGET_NAME)";
				TEST_HOST = "$(BUILT_PRODUCTS_DIR)/TableViewCell Delete Insert.app/TableViewCell Delete Insert";
			};
			name = Release;
		};
/* End XCBuildConfiguration section */

/* Begin XCConfigurationList section */
		188F53A41C632A880056271B /* Build configuration list for PBXProject "TableViewCell Delete Insert" */ = {
			isa = XCConfigurationList;
			buildConfigurations = (
				188F53CA1C632A880056271B /* Debug */,
				188F53CB1C632A880056271B /* Release */,
			);
			defaultConfigurationIsVisible = 0;
			defaultConfigurationName = Release;
		};
		188F53CC1C632A880056271B /* Build configuration list for PBXNativeTarget "TableViewCell Delete Insert" */ = {
			isa = XCConfigurationList;
			buildConfigurations = (
				188F53CD1C632A880056271B /* Debug */,
				188F53CE1C632A880056271B /* Release */,
			);
			defaultConfigurationIsVisible = 0;
		};
		188F53CF1C632A880056271B /* Build configuration list for PBXNativeTarget "TableViewCell Delete InsertTests" */ = {
			isa = XCConfigurationList;
			buildConfigurations = (
				188F53D01C632A880056271B /* Debug */,
				188F53D11C632A880056271B /* Release */,
			);
			defaultConfigurationIsVisible = 0;
		};
/* End XCConfigurationList section */
	};
	rootObject = 188F53A11C632A870056271B /* Project object */;
}
